
Microsoft Visual Studio Solution File, Format Version 12.00
# Visual Studio Version 17
VisualStudioVersion = 17.8.34330.188
MinimumVisualStudioVersion = 10.0.40219.1
Project("{FAE04EC0-301F-11D3-BF4B-00C04F79EFBC}") = "MVCCodeFirst", "MVCCodeFirst.csproj", "{63A66E54-90B3-440C-8283-FCD263FDCE36}"
EndProject
Global
	GlobalSection(SolutionConfigurationPlatforms) = preSolution
		Debug|Any CPU = Debug|Any CPU
		Release|Any CPU = Release|Any CPU
	EndGlobalSection
	GlobalSection(ProjectConfigurationPlatforms) = postSolution
		{63A66E54-90B3-440C-8283-FCD263FDCE36}.Debug|Any CPU.ActiveCfg = Debug|Any CPU
		{63A66E54-90B3-440C-8283-FCD263FDCE36}.Debug|Any CPU.Build.0 = Debug|Any CPU
		{63A66E54-90B3-440C-8283-FCD263FDCE36}.Release|Any CPU.ActiveCfg = Release|Any CPU
		{63A66E54-90B3-440C-8283-FCD263FDCE36}.Release|Any CPU.Build.0 = Release|Any CPU
	EndGlobalSection
	GlobalSection(SolutionProperties) = preSolution
		HideSolutionNode = FALSE
	EndGlobalSection
	GlobalSection(ExtensibilityGlobals) = postSolution
		SolutionGuid = {B2D5C477-8335-4053-8A4A-CF6C86C6BE8F}
	EndGlobalSection
EndGlobal
